{
  "version": 4,
  "terraform_version": "1.5.3",
  "serial": 40,
  "lineage": "1688d937-7276-7c91-c14d-3ca8edcd4293",
  "outputs": {},
  "resources": [
    {
      "mode": "managed",
      "type": "proxmox_vm_qemu",
      "name": "test_server",
      "provider": "provider[\"registry.terraform.io/telmate/proxmox\"]",
      "instances": [
        {
          "index_key": 0,
          "status": "tainted",
          "schema_version": 0,
          "attributes": {
            "additional_wait": 15,
            "agent": 1,
            "args": null,
            "balloon": 0,
            "bios": "seabios",
            "boot": "cdn",
            "bootdisk": "scsi0",
            "bridge": null,
            "ci_wait": null,
            "cicustom": null,
            "cipassword": null,
            "ciuser": null,
            "clone": "ubuntu-2204-template",
            "clone_wait": 15,
            "cloudinit_cdrom_storage": null,
            "cores": 2,
            "cpu": "host",
            "default_ipv4_address": null,
            "define_connection_info": true,
            "desc": null,
            "disk": [
              {
                "backup": 0,
                "cache": "none",
                "discard": "",
                "file": "",
                "format": "",
                "iothread": 1,
                "mbps": 0,
                "mbps_rd": 0,
                "mbps_rd_max": 0,
                "mbps_wr": 0,
                "mbps_wr_max": 0,
                "media": "",
                "replicate": 0,
                "size": "32G",
                "slot": 0,
                "ssd": 0,
                "storage": "hdd-img",
                "storage_type": "",
                "type": "scsi",
                "volume": ""
              }
            ],
            "disk_gb": null,
            "force_create": false,
            "force_recreate_on_change_of": null,
            "full_clone": true,
            "guest_agent_ready_timeout": 600,
            "hastate": null,
            "hotplug": "network,disk,usb",
            "id": "alpha/qemu/102",
            "ipconfig0": "ip=10.0.0.21/24,gw=10.0.0.254",
            "ipconfig1": null,
            "ipconfig2": null,
            "iso": null,
            "kvm": true,
            "mac": null,
            "memory": 1024,
            "name": "oak-vm-1",
            "nameserver": null,
            "network": [
              {
                "bridge": "vmbr0",
                "firewall": false,
                "link_down": false,
                "macaddr": "",
                "model": "virtio",
                "queues": 0,
                "rate": 0,
                "tag": -1
              }
            ],
            "nic": null,
            "numa": false,
            "onboot": true,
            "os_network_config": null,
            "os_type": "cloud-init",
            "pool": null,
            "preprovision": true,
            "qemu_os": null,
            "reboot_required": null,
            "scsihw": "virtio-scsi-pci",
            "searchdomain": null,
            "serial": [],
            "sockets": 1,
            "ssh_forward_ip": null,
            "ssh_host": null,
            "ssh_port": null,
            "ssh_private_key": null,
            "ssh_user": null,
            "sshkeys": "  ssh-rsa AAAAB3NzaC1yc2EAAAADAQABAAABgQDJLOQdVS6sYrWf45S/opEV6lOKPDEo/LS+is0Ly875KH6Cm07M907S/FUBzCoYVPxZNOOYVU+aiSpjHyJ7wsBolBELSC+kUQwO96OAua4GJtg+pK/MUZjBLjcldggNpHy6UdkxD2BKRoEvUfIe+I0akcDVB5DfX5IgyhwbhuiQ18W6v0XF8PVkNSEgfD3yO6jNwk855CyA9SbdvAsM7n/0aMF491+IFIUkf4sPCPNrBtMfyVwSviBVD5N4dZVpp3rVg8Zhq61h0Daot4qCg+TtHTQt/RCmfbAYtHz/mBWlRAKfI17yohGgB47KGStdIHnRskunnlNIiPykA50LdodNGicPbxQHiOUb6TEKiuqrXAQbFST1oQxYZHdNT606wXPLr6jtJJ8qmM7zsRBgGL9E5HhOHg9mPuASikQNEdM9g8LEIcSMUGNHxgx4EixuOEqJSfOYOln0UNDj4FC7znhq0P6azW7k+DCUjHMI9Pb3k2MMcqaNv2iIe/zDyCXQJck= john@millhouse\n",
            "storage": null,
            "storage_type": null,
            "tags": null,
            "target_node": "alpha",
            "unused_disk": null,
            "vcpus": 0,
            "vga": [],
            "vlan": -1,
            "vmid": null
          },
          "sensitive_attributes": [],
          "private": "bnVsbA=="
        },
        {
          "index_key": 1,
          "status": "tainted",
          "schema_version": 0,
          "attributes": {
            "additional_wait": 15,
            "agent": 1,
            "args": null,
            "balloon": 0,
            "bios": "seabios",
            "boot": "cdn",
            "bootdisk": "scsi0",
            "bridge": null,
            "ci_wait": null,
            "cicustom": null,
            "cipassword": null,
            "ciuser": null,
            "clone": "ubuntu-2204-template",
            "clone_wait": 15,
            "cloudinit_cdrom_storage": null,
            "cores": 2,
            "cpu": "host",
            "default_ipv4_address": null,
            "define_connection_info": true,
            "desc": null,
            "disk": [
              {
                "backup": 0,
                "cache": "none",
                "discard": "",
                "file": "",
                "format": "",
                "iothread": 1,
                "mbps": 0,
                "mbps_rd": 0,
                "mbps_rd_max": 0,
                "mbps_wr": 0,
                "mbps_wr_max": 0,
                "media": "",
                "replicate": 0,
                "size": "32G",
                "slot": 0,
                "ssd": 0,
                "storage": "hdd-img",
                "storage_type": "",
                "type": "scsi",
                "volume": ""
              }
            ],
            "disk_gb": null,
            "force_create": false,
            "force_recreate_on_change_of": null,
            "full_clone": true,
            "guest_agent_ready_timeout": 600,
            "hastate": null,
            "hotplug": "network,disk,usb",
            "id": "alpha/qemu/101",
            "ipconfig0": "ip=10.0.0.22/24,gw=10.0.0.254",
            "ipconfig1": null,
            "ipconfig2": null,
            "iso": null,
            "kvm": true,
            "mac": null,
            "memory": 1024,
            "name": "oak-vm-2",
            "nameserver": null,
            "network": [
              {
                "bridge": "vmbr0",
                "firewall": false,
                "link_down": false,
                "macaddr": "",
                "model": "virtio",
                "queues": 0,
                "rate": 0,
                "tag": -1
              }
            ],
            "nic": null,
            "numa": false,
            "onboot": true,
            "os_network_config": null,
            "os_type": "cloud-init",
            "pool": null,
            "preprovision": true,
            "qemu_os": null,
            "reboot_required": null,
            "scsihw": "virtio-scsi-pci",
            "searchdomain": null,
            "serial": [],
            "sockets": 1,
            "ssh_forward_ip": null,
            "ssh_host": null,
            "ssh_port": null,
            "ssh_private_key": null,
            "ssh_user": null,
            "sshkeys": "  ssh-rsa AAAAB3NzaC1yc2EAAAADAQABAAABgQDJLOQdVS6sYrWf45S/opEV6lOKPDEo/LS+is0Ly875KH6Cm07M907S/FUBzCoYVPxZNOOYVU+aiSpjHyJ7wsBolBELSC+kUQwO96OAua4GJtg+pK/MUZjBLjcldggNpHy6UdkxD2BKRoEvUfIe+I0akcDVB5DfX5IgyhwbhuiQ18W6v0XF8PVkNSEgfD3yO6jNwk855CyA9SbdvAsM7n/0aMF491+IFIUkf4sPCPNrBtMfyVwSviBVD5N4dZVpp3rVg8Zhq61h0Daot4qCg+TtHTQt/RCmfbAYtHz/mBWlRAKfI17yohGgB47KGStdIHnRskunnlNIiPykA50LdodNGicPbxQHiOUb6TEKiuqrXAQbFST1oQxYZHdNT606wXPLr6jtJJ8qmM7zsRBgGL9E5HhOHg9mPuASikQNEdM9g8LEIcSMUGNHxgx4EixuOEqJSfOYOln0UNDj4FC7znhq0P6azW7k+DCUjHMI9Pb3k2MMcqaNv2iIe/zDyCXQJck= john@millhouse\n",
            "storage": null,
            "storage_type": null,
            "tags": null,
            "target_node": "alpha",
            "unused_disk": null,
            "vcpus": 0,
            "vga": [],
            "vlan": -1,
            "vmid": null
          },
          "sensitive_attributes": [],
          "private": "bnVsbA=="
        },
        {
          "index_key": 2,
          "status": "tainted",
          "schema_version": 0,
          "attributes": {
            "additional_wait": 15,
            "agent": 1,
            "args": null,
            "balloon": 0,
            "bios": "seabios",
            "boot": "cdn",
            "bootdisk": "scsi0",
            "bridge": null,
            "ci_wait": null,
            "cicustom": null,
            "cipassword": null,
            "ciuser": null,
            "clone": "ubuntu-2204-template",
            "clone_wait": 15,
            "cloudinit_cdrom_storage": null,
            "cores": 2,
            "cpu": "host",
            "default_ipv4_address": null,
            "define_connection_info": true,
            "desc": null,
            "disk": [
              {
                "backup": 0,
                "cache": "none",
                "discard": "",
                "file": "",
                "format": "",
                "iothread": 1,
                "mbps": 0,
                "mbps_rd": 0,
                "mbps_rd_max": 0,
                "mbps_wr": 0,
                "mbps_wr_max": 0,
                "media": "",
                "replicate": 0,
                "size": "32G",
                "slot": 0,
                "ssd": 0,
                "storage": "hdd-img",
                "storage_type": "",
                "type": "scsi",
                "volume": ""
              }
            ],
            "disk_gb": null,
            "force_create": false,
            "force_recreate_on_change_of": null,
            "full_clone": true,
            "guest_agent_ready_timeout": 600,
            "hastate": null,
            "hotplug": "network,disk,usb",
            "id": "alpha/qemu/103",
            "ipconfig0": "ip=10.0.0.23/24,gw=10.0.0.254",
            "ipconfig1": null,
            "ipconfig2": null,
            "iso": null,
            "kvm": true,
            "mac": null,
            "memory": 1024,
            "name": "oak-vm-3",
            "nameserver": null,
            "network": [
              {
                "bridge": "vmbr0",
                "firewall": false,
                "link_down": false,
                "macaddr": "",
                "model": "virtio",
                "queues": 0,
                "rate": 0,
                "tag": -1
              }
            ],
            "nic": null,
            "numa": false,
            "onboot": true,
            "os_network_config": null,
            "os_type": "cloud-init",
            "pool": null,
            "preprovision": true,
            "qemu_os": null,
            "reboot_required": null,
            "scsihw": "virtio-scsi-pci",
            "searchdomain": null,
            "serial": [],
            "sockets": 1,
            "ssh_forward_ip": null,
            "ssh_host": null,
            "ssh_port": null,
            "ssh_private_key": null,
            "ssh_user": null,
            "sshkeys": "  ssh-rsa AAAAB3NzaC1yc2EAAAADAQABAAABgQDJLOQdVS6sYrWf45S/opEV6lOKPDEo/LS+is0Ly875KH6Cm07M907S/FUBzCoYVPxZNOOYVU+aiSpjHyJ7wsBolBELSC+kUQwO96OAua4GJtg+pK/MUZjBLjcldggNpHy6UdkxD2BKRoEvUfIe+I0akcDVB5DfX5IgyhwbhuiQ18W6v0XF8PVkNSEgfD3yO6jNwk855CyA9SbdvAsM7n/0aMF491+IFIUkf4sPCPNrBtMfyVwSviBVD5N4dZVpp3rVg8Zhq61h0Daot4qCg+TtHTQt/RCmfbAYtHz/mBWlRAKfI17yohGgB47KGStdIHnRskunnlNIiPykA50LdodNGicPbxQHiOUb6TEKiuqrXAQbFST1oQxYZHdNT606wXPLr6jtJJ8qmM7zsRBgGL9E5HhOHg9mPuASikQNEdM9g8LEIcSMUGNHxgx4EixuOEqJSfOYOln0UNDj4FC7znhq0P6azW7k+DCUjHMI9Pb3k2MMcqaNv2iIe/zDyCXQJck= john@millhouse\n",
            "storage": null,
            "storage_type": null,
            "tags": null,
            "target_node": "alpha",
            "unused_disk": null,
            "vcpus": 0,
            "vga": [],
            "vlan": -1,
            "vmid": null
          },
          "sensitive_attributes": [],
          "private": "bnVsbA=="
        }
      ]
    }
  ],
  "check_results": null
}
